// !$*UTF8*$!
{
	archiveVersion = 1;
	classes = {
	};
	objectVersion = 56;
	objects = {

/* Begin PBXBuildFile section */
		A1B2C3D4E5F6000100000001 /* MacStatusCodexMonitorApp.swift in Sources */ = {isa = PBXBuildFile; fileRef = A1B2C3D4E5F6000200000001 /* MacStatusCodexMonitorApp.swift */; };
		A1B2C3D4E5F6000100000002 /* AppDelegate.swift in Sources */ = {isa = PBXBuildFile; fileRef = A1B2C3D4E5F6000200000002 /* AppDelegate.swift */; };
		A1B2C3D4E5F6000100000003 /* SwiftUI.framework in Frameworks */ = {isa = PBXBuildFile; fileRef = A1B2C3D4E5F6000200000005 /* SwiftUI.framework */; };
		A1B2C3D4E5F6000100000004 /* AppKit.framework in Frameworks */ = {isa = PBXBuildFile; fileRef = A1B2C3D4E5F6000200000006 /* AppKit.framework */; };
		A1B2C3D4E5F6000100000005 /* IOKit.framework in Frameworks */ = {isa = PBXBuildFile; fileRef = A1B2C3D4E5F6000200000007 /* IOKit.framework */; };
		A1B2C3D4E5F6000100000006 /* XCTest.framework in Frameworks */ = {isa = PBXBuildFile; fileRef = A1B2C3D4E5F6000200000008 /* XCTest.framework */; };
		A1B2C3D4E5F6000100000026 /* FormattingTests.swift in Sources */ = {isa = PBXBuildFile; fileRef = A1B2C3D4E5F600020000000A /* FormattingTests.swift */; };
		A1B2C3D4E5F6000100000027 /* SystemSnapshot.swift in Sources */ = {isa = PBXBuildFile; fileRef = A1B2C3D4E5F600020000000B /* SystemSnapshot.swift */; };
		A1B2C3D4E5F6000100000028 /* DiskSnapshot.swift in Sources */ = {isa = PBXBuildFile; fileRef = A1B2C3D4E5F600020000000C /* DiskSnapshot.swift */; };
		A1B2C3D4E5F6000100000029 /* CodexQuotaSnapshot.swift in Sources */ = {isa = PBXBuildFile; fileRef = A1B2C3D4E5F600020000000D /* CodexQuotaSnapshot.swift */; };
		A1B2C3D4E5F600010000002A /* ByteFormatter.swift in Sources */ = {isa = PBXBuildFile; fileRef = A1B2C3D4E5F600020000000E /* ByteFormatter.swift */; };
		A1B2C3D4E5F600010000002B /* PercentFormatter.swift in Sources */ = {isa = PBXBuildFile; fileRef = A1B2C3D4E5F600020000000F /* PercentFormatter.swift */; };
		A1B2C3D4E5F600010000002E /* CodexQuotaReaderTests.swift in Sources */ = {isa = PBXBuildFile; fileRef = A1B2C3D4E5F6000200000010 /* CodexQuotaReaderTests.swift */; };
		A1B2C3D4E5F6000100000030 /* CodexQuotaReader.swift in Sources */ = {isa = PBXBuildFile; fileRef = A1B2C3D4E5F6000200000011 /* CodexQuotaReader.swift */; };
		A1B2C3D4E5F6000100000031 /* DiskGrowthStore.swift in Sources */ = {isa = PBXBuildFile; fileRef = A1B2C3D4E5F6000200000012 /* DiskGrowthStore.swift */; };
		A1B2C3D4E5F6000100000032 /* CacheAnalyzer.swift in Sources */ = {isa = PBXBuildFile; fileRef = A1B2C3D4E5F6000200000013 /* CacheAnalyzer.swift */; };
		A1B2C3D4E5F6000100000033 /* DiskGrowthStoreTests.swift in Sources */ = {isa = PBXBuildFile; fileRef = A1B2C3D4E5F6000200000014 /* DiskGrowthStoreTests.swift */; };
		A1B2C3D4E5F6000100000034 /* AppState.swift in Sources */ = {isa = PBXBuildFile; fileRef = A1B2C3D4E5F6000200000015 /* AppState.swift */; };
		A1B2C3D4E5F6000100000035 /* MonitoringScheduler.swift in Sources */ = {isa = PBXBuildFile; fileRef = A1B2C3D4E5F6000200000016 /* MonitoringScheduler.swift */; };
		A1B2C3D4E5F6000100000036 /* SystemMonitor.swift in Sources */ = {isa = PBXBuildFile; fileRef = A1B2C3D4E5F6000200000017 /* SystemMonitor.swift */; };
		A1B2C3D4E5F6000100000037 /* SystemMonitorTests.swift in Sources */ = {isa = PBXBuildFile; fileRef = A1B2C3D4E5F6000200000018 /* SystemMonitorTests.swift */; };
		A1B2C3D4E5F6000100000038 /* AppStateTests.swift in Sources */ = {isa = PBXBuildFile; fileRef = A1B2C3D4E5F6000200000019 /* AppStateTests.swift */; };
		A1B2C3D4E5F6000100000039 /* MetricTile.swift in Sources */ = {isa = PBXBuildFile; fileRef = A1B2C3D4E5F600020000001A /* MetricTile.swift */; };
		A1B2C3D4E5F600010000003A /* DashboardView.swift in Sources */ = {isa = PBXBuildFile; fileRef = A1B2C3D4E5F600020000001B /* DashboardView.swift */; };
		A1B2C3D4E5F600010000003B /* MenuBarPopoverView.swift in Sources */ = {isa = PBXBuildFile; fileRef = A1B2C3D4E5F600020000001C /* MenuBarPopoverView.swift */; };
		A1B2C3D4E5F600010000003D /* TouchBarControllerTests.swift in Sources */ = {isa = PBXBuildFile; fileRef = A1B2C3D4E5F600020000001D /* TouchBarControllerTests.swift */; };
		A1B2C3D4E5F600010000003E /* TouchBarController.swift in Sources */ = {isa = PBXBuildFile; fileRef = A1B2C3D4E5F600020000001E /* TouchBarController.swift */; };
		A1B2C3D4E5F6000100000040 /* Assets.xcassets in Resources */ = {isa = PBXBuildFile; fileRef = A1B2C3D4E5F600020000001F /* Assets.xcassets */; };
/* End PBXBuildFile section */

/* Begin PBXContainerItemProxy section */
		A1B2C3D4E5F6000100000007 /* PBXContainerItemProxy */ = {
			isa = PBXContainerItemProxy;
			containerPortal = A1B2C3D4E5F6000100000015 /* Project object */;
			proxyType = 1;
			remoteGlobalIDString = A1B2C3D4E5F6000100000018;
			remoteInfo = MacStatusCodexMonitor;
		};
/* End PBXContainerItemProxy section */

/* Begin PBXFileReference section */
		A1B2C3D4E5F6000200000001 /* MacStatusCodexMonitorApp.swift */ = {isa = PBXFileReference; lastKnownFileType = sourcecode.swift; path = MacStatusCodexMonitorApp.swift; sourceTree = "<group>"; };
		A1B2C3D4E5F6000200000002 /* AppDelegate.swift */ = {isa = PBXFileReference; lastKnownFileType = sourcecode.swift; path = AppDelegate.swift; sourceTree = "<group>"; };
		A1B2C3D4E5F6000200000003 /* Info.plist */ = {isa = PBXFileReference; lastKnownFileType = text.plist.xml; path = Info.plist; sourceTree = "<group>"; };
		A1B2C3D4E5F6000200000004 /* CodexPilot.app */ = {isa = PBXFileReference; explicitFileType = wrapper.application; includeInIndex = 0; path = CodexPilot.app; sourceTree = BUILT_PRODUCTS_DIR; };
		A1B2C3D4E5F6000200000005 /* SwiftUI.framework */ = {isa = PBXFileReference; lastKnownFileType = wrapper.framework; name = SwiftUI.framework; path = System/Library/Frameworks/SwiftUI.framework; sourceTree = SDKROOT; };
		A1B2C3D4E5F6000200000006 /* AppKit.framework */ = {isa = PBXFileReference; lastKnownFileType = wrapper.framework; name = AppKit.framework; path = System/Library/Frameworks/AppKit.framework; sourceTree = SDKROOT; };
		A1B2C3D4E5F6000200000007 /* IOKit.framework */ = {isa = PBXFileReference; lastKnownFileType = wrapper.framework; name = IOKit.framework; path = System/Library/Frameworks/IOKit.framework; sourceTree = SDKROOT; };
		A1B2C3D4E5F6000200000008 /* XCTest.framework */ = {isa = PBXFileReference; lastKnownFileType = wrapper.framework; name = XCTest.framework; path = System/Library/Frameworks/XCTest.framework; sourceTree = SDKROOT; };
		A1B2C3D4E5F6000200000009 /* MacStatusCodexMonitorTests.xctest */ = {isa = PBXFileReference; explicitFileType = wrapper.cfbundle; includeInIndex = 0; path = MacStatusCodexMonitorTests.xctest; sourceTree = BUILT_PRODUCTS_DIR; };
		A1B2C3D4E5F600020000000A /* FormattingTests.swift */ = {isa = PBXFileReference; lastKnownFileType = sourcecode.swift; path = FormattingTests.swift; sourceTree = "<group>"; };
		A1B2C3D4E5F600020000000B /* SystemSnapshot.swift */ = {isa = PBXFileReference; lastKnownFileType = sourcecode.swift; path = SystemSnapshot.swift; sourceTree = "<group>"; };
		A1B2C3D4E5F600020000000C /* DiskSnapshot.swift */ = {isa = PBXFileReference; lastKnownFileType = sourcecode.swift; path = DiskSnapshot.swift; sourceTree = "<group>"; };
		A1B2C3D4E5F600020000000D /* CodexQuotaSnapshot.swift */ = {isa = PBXFileReference; lastKnownFileType = sourcecode.swift; path = CodexQuotaSnapshot.swift; sourceTree = "<group>"; };
		A1B2C3D4E5F600020000000E /* ByteFormatter.swift */ = {isa = PBXFileReference; lastKnownFileType = sourcecode.swift; path = ByteFormatter.swift; sourceTree = "<group>"; };
		A1B2C3D4E5F600020000000F /* PercentFormatter.swift */ = {isa = PBXFileReference; lastKnownFileType = sourcecode.swift; path = PercentFormatter.swift; sourceTree = "<group>"; };
		A1B2C3D4E5F6000200000010 /* CodexQuotaReaderTests.swift */ = {isa = PBXFileReference; lastKnownFileType = sourcecode.swift; path = CodexQuotaReaderTests.swift; sourceTree = "<group>"; };
		A1B2C3D4E5F6000200000011 /* CodexQuotaReader.swift */ = {isa = PBXFileReference; lastKnownFileType = sourcecode.swift; path = CodexQuotaReader.swift; sourceTree = "<group>"; };
		A1B2C3D4E5F6000200000012 /* DiskGrowthStore.swift */ = {isa = PBXFileReference; lastKnownFileType = sourcecode.swift; path = DiskGrowthStore.swift; sourceTree = "<group>"; };
		A1B2C3D4E5F6000200000013 /* CacheAnalyzer.swift */ = {isa = PBXFileReference; lastKnownFileType = sourcecode.swift; path = CacheAnalyzer.swift; sourceTree = "<group>"; };
		A1B2C3D4E5F6000200000014 /* DiskGrowthStoreTests.swift */ = {isa = PBXFileReference; lastKnownFileType = sourcecode.swift; path = DiskGrowthStoreTests.swift; sourceTree = "<group>"; };
		A1B2C3D4E5F6000200000015 /* AppState.swift */ = {isa = PBXFileReference; lastKnownFileType = sourcecode.swift; path = AppState.swift; sourceTree = "<group>"; };
		A1B2C3D4E5F6000200000016 /* MonitoringScheduler.swift */ = {isa = PBXFileReference; lastKnownFileType = sourcecode.swift; path = MonitoringScheduler.swift; sourceTree = "<group>"; };
		A1B2C3D4E5F6000200000017 /* SystemMonitor.swift */ = {isa = PBXFileReference; lastKnownFileType = sourcecode.swift; path = SystemMonitor.swift; sourceTree = "<group>"; };
		A1B2C3D4E5F6000200000018 /* SystemMonitorTests.swift */ = {isa = PBXFileReference; lastKnownFileType = sourcecode.swift; path = SystemMonitorTests.swift; sourceTree = "<group>"; };
		A1B2C3D4E5F6000200000019 /* AppStateTests.swift */ = {isa = PBXFileReference; lastKnownFileType = sourcecode.swift; path = AppStateTests.swift; sourceTree = "<group>"; };
		A1B2C3D4E5F600020000001A /* MetricTile.swift */ = {isa = PBXFileReference; lastKnownFileType = sourcecode.swift; path = MetricTile.swift; sourceTree = "<group>"; };
		A1B2C3D4E5F600020000001B /* DashboardView.swift */ = {isa = PBXFileReference; lastKnownFileType = sourcecode.swift; path = DashboardView.swift; sourceTree = "<group>"; };
		A1B2C3D4E5F600020000001C /* MenuBarPopoverView.swift */ = {isa = PBXFileReference; lastKnownFileType = sourcecode.swift; path = MenuBarPopoverView.swift; sourceTree = "<group>"; };
		A1B2C3D4E5F600020000001D /* TouchBarControllerTests.swift */ = {isa = PBXFileReference; lastKnownFileType = sourcecode.swift; path = TouchBarControllerTests.swift; sourceTree = "<group>"; };
		A1B2C3D4E5F600020000001E /* TouchBarController.swift */ = {isa = PBXFileReference; lastKnownFileType = sourcecode.swift; path = TouchBarController.swift; sourceTree = "<group>"; };
		A1B2C3D4E5F600020000001F /* Assets.xcassets */ = {isa = PBXFileReference; lastKnownFileType = folder.assetcatalog; path = Assets.xcassets; sourceTree = "<group>"; };
		A1B2C3D4E5F6000200000020 /* CodexPilot.entitlements */ = {isa = PBXFileReference; lastKnownFileType = text.plist.entitlements; path = CodexPilot.entitlements; sourceTree = "<group>"; };
/* End PBXFileReference section */

/* Begin PBXFrameworksBuildPhase section */
		A1B2C3D4E5F6000100000008 /* Frameworks */ = {
			isa = PBXFrameworksBuildPhase;
			buildActionMask = 2147483647;
			files = (
				A1B2C3D4E5F6000100000003 /* SwiftUI.framework in Frameworks */,
				A1B2C3D4E5F6000100000004 /* AppKit.framework in Frameworks */,
				A1B2C3D4E5F6000100000005 /* IOKit.framework in Frameworks */,
			);
			runOnlyForDeploymentPostprocessing = 0;
		};
		A1B2C3D4E5F6000100000009 /* Frameworks */ = {
			isa = PBXFrameworksBuildPhase;
			buildActionMask = 2147483647;
			files = (
				A1B2C3D4E5F6000100000006 /* XCTest.framework in Frameworks */,
			);
			runOnlyForDeploymentPostprocessing = 0;
		};
/* End PBXFrameworksBuildPhase section */

/* Begin PBXGroup section */
		A1B2C3D4E5F600010000000A = {
			isa = PBXGroup;
			children = (
				A1B2C3D4E5F600010000000B /* MacStatusCodexMonitor */,
				A1B2C3D4E5F600010000000E /* MacStatusCodexMonitorTests */,
				A1B2C3D4E5F600010000000F /* Frameworks */,
				A1B2C3D4E5F6000100000010 /* Products */,
			);
			sourceTree = "<group>";
		};
		A1B2C3D4E5F600010000000B /* MacStatusCodexMonitor */ = {
			isa = PBXGroup;
			children = (
				A1B2C3D4E5F6000200000001 /* MacStatusCodexMonitorApp.swift */,
				A1B2C3D4E5F600010000000C /* App */,
				A1B2C3D4E5F600010000002C /* Models */,
				A1B2C3D4E5F600010000002F /* Monitors */,
				A1B2C3D4E5F600010000003F /* TouchBar */,
				A1B2C3D4E5F600010000002D /* Utilities */,
				A1B2C3D4E5F600010000003C /* Views */,
				A1B2C3D4E5F600020000001F /* Assets.xcassets */,
				A1B2C3D4E5F6000200000020 /* CodexPilot.entitlements */,
				A1B2C3D4E5F6000200000003 /* Info.plist */,
			);
			path = MacStatusCodexMonitor;
			sourceTree = "<group>";
		};
		A1B2C3D4E5F600010000000C /* App */ = {
			isa = PBXGroup;
			children = (
				A1B2C3D4E5F6000200000002 /* AppDelegate.swift */,
				A1B2C3D4E5F6000200000015 /* AppState.swift */,
				A1B2C3D4E5F6000200000016 /* MonitoringScheduler.swift */,
			);
			path = App;
			sourceTree = "<group>";
		};
		A1B2C3D4E5F600010000000E /* MacStatusCodexMonitorTests */ = {
			isa = PBXGroup;
			children = (
				A1B2C3D4E5F600020000000A /* FormattingTests.swift */,
				A1B2C3D4E5F6000200000010 /* CodexQuotaReaderTests.swift */,
				A1B2C3D4E5F6000200000014 /* DiskGrowthStoreTests.swift */,
				A1B2C3D4E5F6000200000018 /* SystemMonitorTests.swift */,
				A1B2C3D4E5F6000200000019 /* AppStateTests.swift */,
				A1B2C3D4E5F600020000001D /* TouchBarControllerTests.swift */,
			);
			path = MacStatusCodexMonitorTests;
			sourceTree = "<group>";
		};
		A1B2C3D4E5F600010000000F /* Frameworks */ = {
			isa = PBXGroup;
			children = (
				A1B2C3D4E5F6000200000006 /* AppKit.framework */,
				A1B2C3D4E5F6000200000007 /* IOKit.framework */,
				A1B2C3D4E5F6000200000005 /* SwiftUI.framework */,
				A1B2C3D4E5F6000200000008 /* XCTest.framework */,
			);
			name = Frameworks;
			sourceTree = "<group>";
		};
		A1B2C3D4E5F6000100000010 /* Products */ = {
			isa = PBXGroup;
			children = (
				A1B2C3D4E5F6000200000004 /* CodexPilot.app */,
				A1B2C3D4E5F6000200000009 /* MacStatusCodexMonitorTests.xctest */,
			);
			name = Products;
			sourceTree = "<group>";
		};
		A1B2C3D4E5F600010000002C /* Models */ = {
			isa = PBXGroup;
			children = (
				A1B2C3D4E5F600020000000B /* SystemSnapshot.swift */,
				A1B2C3D4E5F600020000000C /* DiskSnapshot.swift */,
				A1B2C3D4E5F600020000000D /* CodexQuotaSnapshot.swift */,
			);
			path = Models;
			sourceTree = "<group>";
		};
		A1B2C3D4E5F600010000002D /* Utilities */ = {
			isa = PBXGroup;
			children = (
				A1B2C3D4E5F600020000000E /* ByteFormatter.swift */,
				A1B2C3D4E5F600020000000F /* PercentFormatter.swift */,
			);
			path = Utilities;
			sourceTree = "<group>";
		};
		A1B2C3D4E5F600010000002F /* Monitors */ = {
			isa = PBXGroup;
			children = (
				A1B2C3D4E5F6000200000011 /* CodexQuotaReader.swift */,
				A1B2C3D4E5F6000200000012 /* DiskGrowthStore.swift */,
				A1B2C3D4E5F6000200000013 /* CacheAnalyzer.swift */,
				A1B2C3D4E5F6000200000017 /* SystemMonitor.swift */,
			);
			path = Monitors;
			sourceTree = "<group>";
		};
		A1B2C3D4E5F600010000003C /* Views */ = {
			isa = PBXGroup;
			children = (
				A1B2C3D4E5F600020000001A /* MetricTile.swift */,
				A1B2C3D4E5F600020000001B /* DashboardView.swift */,
				A1B2C3D4E5F600020000001C /* MenuBarPopoverView.swift */,
			);
			path = Views;
			sourceTree = "<group>";
		};
		A1B2C3D4E5F600010000003F /* TouchBar */ = {
			isa = PBXGroup;
			children = (
				A1B2C3D4E5F600020000001E /* TouchBarController.swift */,
			);
			path = TouchBar;
			sourceTree = "<group>";
		};
/* End PBXGroup section */

/* Begin PBXNativeTarget section */
		A1B2C3D4E5F6000100000018 /* MacStatusCodexMonitor */ = {
			isa = PBXNativeTarget;
			buildConfigurationList = A1B2C3D4E5F6000100000024 /* Build configuration list for PBXNativeTarget "MacStatusCodexMonitor" */;
			buildPhases = (
				A1B2C3D4E5F6000100000011 /* Sources */,
				A1B2C3D4E5F6000100000008 /* Frameworks */,
				A1B2C3D4E5F6000100000012 /* Resources */,
			);
			buildRules = (
			);
			dependencies = (
			);
			name = MacStatusCodexMonitor;
			productName = MacStatusCodexMonitor;
			productReference = A1B2C3D4E5F6000200000004 /* CodexPilot.app */;
			productType = "com.apple.product-type.application";
		};
		A1B2C3D4E5F6000100000019 /* MacStatusCodexMonitorTests */ = {
			isa = PBXNativeTarget;
			buildConfigurationList = A1B2C3D4E5F6000100000025 /* Build configuration list for PBXNativeTarget "MacStatusCodexMonitorTests" */;
			buildPhases = (
				A1B2C3D4E5F6000100000013 /* Sources */,
				A1B2C3D4E5F6000100000009 /* Frameworks */,
				A1B2C3D4E5F6000100000014 /* Resources */,
			);
			buildRules = (
			);
			dependencies = (
				A1B2C3D4E5F600010000001A /* PBXTargetDependency */,
			);
			name = MacStatusCodexMonitorTests;
			productName = MacStatusCodexMonitorTests;
			productReference = A1B2C3D4E5F6000200000009 /* MacStatusCodexMonitorTests.xctest */;
			productType = "com.apple.product-type.bundle.unit-test";
		};
/* End PBXNativeTarget section */

/* Begin PBXProject section */
		A1B2C3D4E5F6000100000015 /* Project object */ = {
			isa = PBXProject;
			attributes = {
				BuildIndependentTargetsInParallel = 1;
				LastSwiftUpdateCheck = 1600;
				LastUpgradeCheck = 1600;
				TargetAttributes = {
					A1B2C3D4E5F6000100000018 = {
						CreatedOnToolsVersion = 16.0;
					};
					A1B2C3D4E5F6000100000019 = {
						CreatedOnToolsVersion = 16.0;
						TestTargetID = A1B2C3D4E5F6000100000018;
					};
				};
			};
			buildConfigurationList = A1B2C3D4E5F6000100000016 /* Build configuration list for PBXProject "MacStatusCodexMonitor" */;
			compatibilityVersion = "Xcode 14.0";
			developmentRegion = en;
			hasScannedForEncodings = 0;
			knownRegions = (
				en,
				Base,
			);
			mainGroup = A1B2C3D4E5F600010000000A;
			productRefGroup = A1B2C3D4E5F6000100000010 /* Products */;
			projectDirPath = "";
			projectRoot = "";
			targets = (
				A1B2C3D4E5F6000100000018 /* MacStatusCodexMonitor */,
				A1B2C3D4E5F6000100000019 /* MacStatusCodexMonitorTests */,
			);
		};
/* End PBXProject section */

/* Begin PBXResourcesBuildPhase section */
		A1B2C3D4E5F6000100000012 /* Resources */ = {
			isa = PBXResourcesBuildPhase;
			buildActionMask = 2147483647;
			files = (
				A1B2C3D4E5F6000100000040 /* Assets.xcassets in Resources */,
			);
			runOnlyForDeploymentPostprocessing = 0;
		};
		A1B2C3D4E5F6000100000014 /* Resources */ = {
			isa = PBXResourcesBuildPhase;
			buildActionMask = 2147483647;
			files = (
			);
			runOnlyForDeploymentPostprocessing = 0;
		};
/* End PBXResourcesBuildPhase section */

/* Begin PBXSourcesBuildPhase section */
		A1B2C3D4E5F6000100000011 /* Sources */ = {
			isa = PBXSourcesBuildPhase;
			buildActionMask = 2147483647;
			files = (
				A1B2C3D4E5F6000100000001 /* MacStatusCodexMonitorApp.swift in Sources */,
				A1B2C3D4E5F6000100000002 /* AppDelegate.swift in Sources */,
				A1B2C3D4E5F6000100000034 /* AppState.swift in Sources */,
				A1B2C3D4E5F6000100000035 /* MonitoringScheduler.swift in Sources */,
				A1B2C3D4E5F6000100000039 /* MetricTile.swift in Sources */,
				A1B2C3D4E5F600010000003A /* DashboardView.swift in Sources */,
				A1B2C3D4E5F600010000003B /* MenuBarPopoverView.swift in Sources */,
				A1B2C3D4E5F6000100000027 /* SystemSnapshot.swift in Sources */,
				A1B2C3D4E5F6000100000028 /* DiskSnapshot.swift in Sources */,
				A1B2C3D4E5F6000100000029 /* CodexQuotaSnapshot.swift in Sources */,
				A1B2C3D4E5F600010000002A /* ByteFormatter.swift in Sources */,
				A1B2C3D4E5F600010000002B /* PercentFormatter.swift in Sources */,
				A1B2C3D4E5F6000100000030 /* CodexQuotaReader.swift in Sources */,
				A1B2C3D4E5F6000100000031 /* DiskGrowthStore.swift in Sources */,
				A1B2C3D4E5F6000100000032 /* CacheAnalyzer.swift in Sources */,
				A1B2C3D4E5F6000100000036 /* SystemMonitor.swift in Sources */,
				A1B2C3D4E5F600010000003E /* TouchBarController.swift in Sources */,
			);
			runOnlyForDeploymentPostprocessing = 0;
		};
		A1B2C3D4E5F6000100000013 /* Sources */ = {
			isa = PBXSourcesBuildPhase;
			buildActionMask = 2147483647;
			files = (
				A1B2C3D4E5F6000100000026 /* FormattingTests.swift in Sources */,
				A1B2C3D4E5F600010000002E /* CodexQuotaReaderTests.swift in Sources */,
				A1B2C3D4E5F6000100000033 /* DiskGrowthStoreTests.swift in Sources */,
				A1B2C3D4E5F6000100000037 /* SystemMonitorTests.swift in Sources */,
				A1B2C3D4E5F6000100000038 /* AppStateTests.swift in Sources */,
				A1B2C3D4E5F600010000003D /* TouchBarControllerTests.swift in Sources */,
			);
			runOnlyForDeploymentPostprocessing = 0;
		};
/* End PBXSourcesBuildPhase section */

/* Begin PBXTargetDependency section */
		A1B2C3D4E5F600010000001A /* PBXTargetDependency */ = {
			isa = PBXTargetDependency;
			target = A1B2C3D4E5F6000100000018 /* MacStatusCodexMonitor */;
			targetProxy = A1B2C3D4E5F6000100000007 /* PBXContainerItemProxy */;
		};
/* End PBXTargetDependency section */

/* Begin XCBuildConfiguration section */
		A1B2C3D4E5F600010000001B /* Debug */ = {
			isa = XCBuildConfiguration;
			buildSettings = {
				ALWAYS_SEARCH_USER_PATHS = NO;
				CLANG_ENABLE_MODULES = YES;
				CODE_SIGN_STYLE = Automatic;
				COPY_PHASE_STRIP = NO;
				DEBUG_INFORMATION_FORMAT = dwarf;
				ENABLE_STRICT_OBJC_MSGSEND = YES;
				GCC_C_LANGUAGE_STANDARD = gnu17;
				GCC_DYNAMIC_NO_PIC = NO;
				GCC_NO_COMMON_BLOCKS = YES;
				GCC_OPTIMIZATION_LEVEL = 0;
				GCC_PREPROCESSOR_DEFINITIONS = (
					"DEBUG=1",
					"$(inherited)",
				);
				MACOSX_DEPLOYMENT_TARGET = 13.0;
				ONLY_ACTIVE_ARCH = YES;
				SDKROOT = macosx;
				SWIFT_VERSION = 5.0;
			};
			name = Debug;
		};
		A1B2C3D4E5F600010000001C /* Release */ = {
			isa = XCBuildConfiguration;
			buildSettings = {
				ALWAYS_SEARCH_USER_PATHS = NO;
				CLANG_ENABLE_MODULES = YES;
				CODE_SIGN_STYLE = Automatic;
				COPY_PHASE_STRIP = NO;
				DEBUG_INFORMATION_FORMAT = "dwarf-with-dsym";
				ENABLE_NS_ASSERTIONS = NO;
				ENABLE_STRICT_OBJC_MSGSEND = YES;
				GCC_C_LANGUAGE_STANDARD = gnu17;
				GCC_NO_COMMON_BLOCKS = YES;
				MACOSX_DEPLOYMENT_TARGET = 13.0;
				SDKROOT = macosx;
				SWIFT_COMPILATION_MODE = wholemodule;
				SWIFT_VERSION = 5.0;
			};
			name = Release;
		};
		A1B2C3D4E5F600010000001D /* Debug */ = {
			isa = XCBuildConfiguration;
			buildSettings = {
				ASSETCATALOG_COMPILER_APPICON_NAME = AppIcon;
				CODE_SIGN_ENTITLEMENTS = MacStatusCodexMonitor/CodexPilot.entitlements;
				CODE_SIGN_STYLE = Automatic;
				CURRENT_PROJECT_VERSION = 1;
				DEVELOPMENT_TEAM = HJT66Q2FWA;
				ENABLE_TESTABILITY = YES;
				GENERATE_INFOPLIST_FILE = NO;
				INFOPLIST_FILE = MacStatusCodexMonitor/Info.plist;
				LD_RUNPATH_SEARCH_PATHS = (
					"$(inherited)",
					"@executable_path/../Frameworks",
				);
				MACOSX_DEPLOYMENT_TARGET = 13.0;
				PRODUCT_BUNDLE_IDENTIFIER = com.lynncat.codexpilot;
				PRODUCT_MODULE_NAME = MacStatusCodexMonitor;
				PRODUCT_NAME = CodexPilot;
				SDKROOT = macosx;
				SWIFT_EMIT_LOC_STRINGS = YES;
				SWIFT_OPTIMIZATION_LEVEL = "-Onone";
				SWIFT_VERSION = 5.0;
			};
			name = Debug;
		};
		A1B2C3D4E5F600010000001E /* Release */ = {
			isa = XCBuildConfiguration;
			buildSettings = {
				ASSETCATALOG_COMPILER_APPICON_NAME = AppIcon;
				CODE_SIGN_ENTITLEMENTS = MacStatusCodexMonitor/CodexPilot.entitlements;
				CODE_SIGN_STYLE = Automatic;
				CURRENT_PROJECT_VERSION = 1;
				DEVELOPMENT_TEAM = HJT66Q2FWA;
				GENERATE_INFOPLIST_FILE = NO;
				INFOPLIST_FILE = MacStatusCodexMonitor/Info.plist;
				LD_RUNPATH_SEARCH_PATHS = (
					"$(inherited)",
					"@executable_path/../Frameworks",
				);
				MACOSX_DEPLOYMENT_TARGET = 13.0;
				PRODUCT_BUNDLE_IDENTIFIER = com.lynncat.codexpilot;
				PRODUCT_MODULE_NAME = MacStatusCodexMonitor;
				PRODUCT_NAME = CodexPilot;
				SDKROOT = macosx;
				SWIFT_EMIT_LOC_STRINGS = YES;
				SWIFT_VERSION = 5.0;
			};
			name = Release;
		};
		A1B2C3D4E5F600010000001F /* Debug */ = {
			isa = XCBuildConfiguration;
			buildSettings = {
				BUNDLE_LOADER = "$(TEST_HOST)";
				CODE_SIGN_STYLE = Automatic;
				CURRENT_PROJECT_VERSION = 1;
				GENERATE_INFOPLIST_FILE = YES;
				MACOSX_DEPLOYMENT_TARGET = 13.0;
				PRODUCT_BUNDLE_IDENTIFIER = local.MacStatusCodexMonitorTests;
				PRODUCT_NAME = "$(TARGET_NAME)";
				SDKROOT = macosx;
				SWIFT_VERSION = 5.0;
				TEST_HOST = "$(BUILT_PRODUCTS_DIR)/CodexPilot.app/Contents/MacOS/CodexPilot";
				TEST_TARGET_NAME = MacStatusCodexMonitor;
			};
			name = Debug;
		};
		A1B2C3D4E5F6000100000020 /* Release */ = {
			isa = XCBuildConfiguration;
			buildSettings = {
				BUNDLE_LOADER = "$(TEST_HOST)";
				CODE_SIGN_STYLE = Automatic;
				CURRENT_PROJECT_VERSION = 1;
				GENERATE_INFOPLIST_FILE = YES;
				MACOSX_DEPLOYMENT_TARGET = 13.0;
				PRODUCT_BUNDLE_IDENTIFIER = local.MacStatusCodexMonitorTests;
				PRODUCT_NAME = "$(TARGET_NAME)";
				SDKROOT = macosx;
				SWIFT_VERSION = 5.0;
				TEST_HOST = "$(BUILT_PRODUCTS_DIR)/CodexPilot.app/Contents/MacOS/CodexPilot";
				TEST_TARGET_NAME = MacStatusCodexMonitor;
			};
			name = Release;
		};
/* End XCBuildConfiguration section */

/* Begin XCConfigurationList section */
		A1B2C3D4E5F6000100000016 /* Build configuration list for PBXProject "MacStatusCodexMonitor" */ = {
			isa = XCConfigurationList;
			buildConfigurations = (
				A1B2C3D4E5F600010000001B /* Debug */,
				A1B2C3D4E5F600010000001C /* Release */,
			);
			defaultConfigurationIsVisible = 0;
			defaultConfigurationName = Release;
		};
		A1B2C3D4E5F6000100000024 /* Build configuration list for PBXNativeTarget "MacStatusCodexMonitor" */ = {
			isa = XCConfigurationList;
			buildConfigurations = (
				A1B2C3D4E5F600010000001D /* Debug */,
				A1B2C3D4E5F600010000001E /* Release */,
			);
			defaultConfigurationIsVisible = 0;
			defaultConfigurationName = Release;
		};
		A1B2C3D4E5F6000100000025 /* Build configuration list for PBXNativeTarget "MacStatusCodexMonitorTests" */ = {
			isa = XCConfigurationList;
			buildConfigurations = (
				A1B2C3D4E5F600010000001F /* Debug */,
				A1B2C3D4E5F6000100000020 /* Release */,
			);
			defaultConfigurationIsVisible = 0;
			defaultConfigurationName = Release;
		};
/* End XCConfigurationList section */
	};
	rootObject = A1B2C3D4E5F6000100000015 /* Project object */;
}
